
Microsoft Visual Studio Solution File, Format Version 12.00
# Visual Studio 15
VisualStudioVersion = 15.0.28307.421
MinimumVisualStudioVersion = 10.0.40219.1
Project("{FAE04EC0-301F-11D3-BF4B-00C04F79EFBC}") = "ConsoleApp1", "ConsoleApp1\ConsoleApp1.csproj", "{E06DD35A-38C7-4EA4-B69F-3A7D2D9352C0}"
EndProject
Global
	GlobalSection(SolutionConfigurationPlatforms) = preSolution
		Debug|Any CPU = Debug|Any CPU
		Release|Any CPU = Release|Any CPU
	EndGlobalSection
	GlobalSection(ProjectConfigurationPlatforms) = postSolution
		{E06DD35A-38C7-4EA4-B69F-3A7D2D9352C0}.Debug|Any CPU.ActiveCfg = Debug|Any CPU
		{E06DD35A-38C7-4EA4-B69F-3A7D2D9352C0}.Debug|Any CPU.Build.0 = Debug|Any CPU
		{E06DD35A-38C7-4EA4-B69F-3A7D2D9352C0}.Release|Any CPU.ActiveCfg = Release|Any CPU
		{E06DD35A-38C7-4EA4-B69F-3A7D2D9352C0}.Release|Any CPU.Build.0 = Release|Any CPU
	EndGlobalSection
	GlobalSection(SolutionProperties) = preSolution
		HideSolutionNode = FALSE
	EndGlobalSection
	GlobalSection(ExtensibilityGlobals) = postSolution
		SolutionGuid = {A04AFAD1-62FF-4711-896A-AE4101E38CC9}
	EndGlobalSection
EndGlobal
